{
  "version": 1,
  "dependencies": {
    ".NETnanoFramework,Version=v1.0": {
      "nanoFramework.CoreLibrary": {
        "type": "Direct",
        "requested": "[1.17.11, 1.17.11]",
        "resolved": "1.17.11",
        "contentHash": "HezzAc0o2XrSGf85xSeD/6xsO6ohF9hX6/iMQ1IZS6Zw6umr4WfAN2Jv0BrPxkaYwzEegJxxZujkHoUIAqtOMw=="
      },
      "nanoFramework.Json": {
        "type": "Direct",
        "requested": "[2.2.199, 2.2.199]",
        "resolved": "2.2.199",
        "contentHash": "XBNKcI5hiUpn19NxhSYM4cxH0FXeefrohGD4tFrTlwhZw3hL1ie5UQJ0dPsaUBb/YkypkJZzQoxEvnwOj8DI5w=="
      },
      "nanoFramework.Runtime.Events": {
        "type": "Direct",
        "requested": "[1.11.18, 1.11.18]",
        "resolved": "1.11.18",
        "contentHash": "t0XpUkdyBBBv/0S4oGx3yUJG1iPYWc38odvZW8mVoioSxZOJrRkRHpNfwYxTxtP4LIEyyesOPEH42d05FHfHzA=="
      },
      "nanoFramework.System.Collections": {
        "type": "Direct",
        "requested": "[1.5.67, 1.5.67]",
        "resolved": "1.5.67",
        "contentHash": "MjSipUB70vrxjqTm1KfKTUqqjd0wbweiNyYFXONi0XClrH6HXsuX2lhDqXM8NWuYnWyYOqx8y20sXbvsH+4brg=="
      },
      "nanoFramework.System.IO.Streams": {
        "type": "Direct",
        "requested": "[1.1.96, 1.1.96]",
        "resolved": "1.1.96",
        "contentHash": "kJSy4EJwChO4Vq3vGWP9gNRPFDnTsDU5HxzeI7NDO+RjbDsx7B8EhKymoeTPLJCxQq8y/0P1KG2XCxGpggW+fw=="
      },
      "nanoFramework.System.Net": {
        "type": "Direct",
        "requested": "[1.11.1, 1.11.1]",
        "resolved": "1.11.1",
        "contentHash": "TgHj3JFlGScw+0/l2Rix7uSLrb+pc/IFHJTQwcEogUlF4gtV18B52JUtrxYiLAR1KyFxwsGiA9txrTHPAZBvXQ=="
      },
      "nanoFramework.System.Net.Http": {
        "type": "Direct",
        "requested": "[1.5.145, 1.5.145]",
        "resolved": "1.5.145",
        "contentHash": "hyxQsn+u/ZXBiO01Z0lHCM22fNlUM9jyQJdLgGpXIt99XhdX1L8nZTr8QmZA31V0BZ4SslwwMZJ4Pl8KYW/0dA=="
      },
      "nanoFramework.System.Text": {
        "type": "Direct",
        "requested": "[1.3.42, 1.3.42]",
        "resolved": "1.3.42",
        "contentHash": "68HPjhersNpssbmEMUHdMw3073MHfGTfrkbRk9eILKbNPFfPFck7m4y9BlAi6DaguUJaeKxgyIojXF3SQrF8/A=="
      },
      "nanoFramework.System.Threading": {
        "type": "Direct",
        "requested": "[1.1.32, 1.1.32]",
        "resolved": "1.1.32",
        "contentHash": "6o7Y4gH15FLuo2FWGLecABiCD57V5QMf5g/hEneV64VmhoXI8Bk7r6BDBPTfAePs738xbc1ECpA5dJmbSmtilg=="
      },
      "nanoFramework.TestFramework": {
        "type": "Direct",
        "requested": "[3.0.77, 3.0.77]",
        "resolved": "3.0.77",
        "contentHash": "Py5W1oN84KMBmOOHCzdz6pyi3bZTnQu9BoqIx0KGqkhG3V8kGoem/t+BuCM0pMIWAyl2iMP1n2S9624YXmBJZw=="
      }
    }
  }
}